# This file is automatically @generated by Cargo.
# It is not intended for manual editing.
version = 4

[[package]]
name = "asm"
version = "0.1.0"
dependencies = [
 "asm-core",
 "asm-pass-one",
 "asm-pass-two",
]

[[package]]
name = "asm-core"
version = "0.1.0"

[[package]]
name = "asm-pass-one"
version = "0.1.0"
dependencies = [
 "asm-core",
]

[[package]]
name = "asm-pass-two"
version = "0.1.0"
dependencies = [
 "asm-core",
]
