# This file is automatically @generated by Cargo.
# It is not intended for manual editing.
version = 4

[[package]]
name = "Assembler"
version = "0.1.0"
dependencies = [
 "peak_alloc",
]

[[package]]
name = "peak_alloc"
version = "0.2.1"
source = "registry+https://github.com/rust-lang/crates.io-index"
checksum = "29c4e8e2dd832fd76346468f822e4e600d30ba4e5aa545a128abf12cfae7ea3e"
